<Solution>
  <Project Path="Cars/Cars.csproj" Id="751db64f-5892-4640-ad20-9487a927c778" />
  <Project Path="Console Counter-Strike(mini-simulation)/Console Counter-Strike(mini-simulation).csproj" Id="94af5304-0963-4ad1-b164-7b8d642f4ece" />
  <Project Path="ConsoleApp2/ConsoleApp2.csproj" />
  <Project Path="Hero.Villain/Hero.Villain.csproj" Id="b712e548-96b6-4239-8f87-373a33073d42" />
</Solution>
